// !$*UTF8*$!
{
	archiveVersion = 1;
	classes = {
	};
	objectVersion = 46;
	objects = {

/* Begin PBXBuildFile section */
		0975372119354AA700124AB1 /* Foundation.framework in Frameworks */ = {isa = PBXBuildFile; fileRef = 0975372019354AA700124AB1 /* Foundation.framework */; };
		0975372319354AA700124AB1 /* CoreGraphics.framework in Frameworks */ = {isa = PBXBuildFile; fileRef = 0975372219354AA700124AB1 /* CoreGraphics.framework */; };
		0975372519354AA700124AB1 /* UIKit.framework in Frameworks */ = {isa = PBXBuildFile; fileRef = 0975372419354AA700124AB1 /* UIKit.framework */; };
		0975372B19354AA700124AB1 /* InfoPlist.strings in Resources */ = {isa = PBXBuildFile; fileRef = 0975372919354AA700124AB1 /* InfoPlist.strings */; };
		0975372D19354AA700124AB1 /* main.m in Sources */ = {isa = PBXBuildFile; fileRef = 0975372C19354AA700124AB1 /* main.m */; };
		0975373119354AA700124AB1 /* SBSAppDelegate.m in Sources */ = {isa = PBXBuildFile; fileRef = 0975373019354AA700124AB1 /* SBSAppDelegate.m */; };
		0975373319354AA700124AB1 /* Images.xcassets in Resources */ = {isa = PBXBuildFile; fileRef = 0975373219354AA700124AB1 /* Images.xcassets */; };
		0975373A19354AA800124AB1 /* XCTest.framework in Frameworks */ = {isa = PBXBuildFile; fileRef = 0975373919354AA800124AB1 /* XCTest.framework */; };
		0975373B19354AA800124AB1 /* Foundation.framework in Frameworks */ = {isa = PBXBuildFile; fileRef = 0975372019354AA700124AB1 /* Foundation.framework */; };
		0975373C19354AA800124AB1 /* UIKit.framework in Frameworks */ = {isa = PBXBuildFile; fileRef = 0975372419354AA700124AB1 /* UIKit.framework */; };
		0975374419354AA800124AB1 /* InfoPlist.strings in Resources */ = {isa = PBXBuildFile; fileRef = 0975374219354AA800124AB1 /* InfoPlist.strings */; };
		0975374619354AA800124AB1 /* FactoryThingTests.m in Sources */ = {isa = PBXBuildFile; fileRef = 0975374519354AA800124AB1 /* FactoryThingTests.m */; };
		0975375019354ACA00124AB1 /* Main.storyboard in Resources */ = {isa = PBXBuildFile; fileRef = 0975374F19354ACA00124AB1 /* Main.storyboard */; };
		097537561935589A00124AB1 /* DismissSegue.m in Sources */ = {isa = PBXBuildFile; fileRef = 097537551935589A00124AB1 /* DismissSegue.m */; };
/* End PBXBuildFile section */

/* Begin PBXContainerItemProxy section */
		0975373D19354AA800124AB1 /* PBXContainerItemProxy */ = {
			isa = PBXContainerItemProxy;
			containerPortal = 0975371519354AA700124AB1 /* Project object */;
			proxyType = 1;
			remoteGlobalIDString = 0975371C19354AA700124AB1;
			remoteInfo = FactoryThing;
		};
/* End PBXContainerItemProxy section */

/* Begin PBXFileReference section */
		0975371D19354AA700124AB1 /* FactoryThing.app */ = {isa = PBXFileReference; explicitFileType = wrapper.application; includeInIndex = 0; path = FactoryThing.app; sourceTree = BUILT_PRODUCTS_DIR; };
		0975372019354AA700124AB1 /* Foundation.framework */ = {isa = PBXFileReference; lastKnownFileType = wrapper.framework; name = Foundation.framework; path = System/Library/Frameworks/Foundation.framework; sourceTree = SDKROOT; };
		0975372219354AA700124AB1 /* CoreGraphics.framework */ = {isa = PBXFileReference; lastKnownFileType = wrapper.framework; name = CoreGraphics.framework; path = System/Library/Frameworks/CoreGraphics.framework; sourceTree = SDKROOT; };
		0975372419354AA700124AB1 /* UIKit.framework */ = {isa = PBXFileReference; lastKnownFileType = wrapper.framework; name = UIKit.framework; path = System/Library/Frameworks/UIKit.framework; sourceTree = SDKROOT; };
		0975372819354AA700124AB1 /* FactoryThing-Info.plist */ = {isa = PBXFileReference; lastKnownFileType = text.plist.xml; path = "FactoryThing-Info.plist"; sourceTree = "<group>"; };
		0975372A19354AA700124AB1 /* en */ = {isa = PBXFileReference; lastKnownFileType = text.plist.strings; name = en; path = en.lproj/InfoPlist.strings; sourceTree = "<group>"; };
		0975372C19354AA700124AB1 /* main.m */ = {isa = PBXFileReference; lastKnownFileType = sourcecode.c.objc; path = main.m; sourceTree = "<group>"; };
		0975372E19354AA700124AB1 /* FactoryThing-Prefix.pch */ = {isa = PBXFileReference; lastKnownFileType = sourcecode.c.h; path = "FactoryThing-Prefix.pch"; sourceTree = "<group>"; };
		0975372F19354AA700124AB1 /* SBSAppDelegate.h */ = {isa = PBXFileReference; lastKnownFileType = sourcecode.c.h; path = SBSAppDelegate.h; sourceTree = "<group>"; };
		0975373019354AA700124AB1 /* SBSAppDelegate.m */ = {isa = PBXFileReference; lastKnownFileType = sourcecode.c.objc; path = SBSAppDelegate.m; sourceTree = "<group>"; };
		0975373219354AA700124AB1 /* Images.xcassets */ = {isa = PBXFileReference; lastKnownFileType = folder.assetcatalog; path = Images.xcassets; sourceTree = "<group>"; };
		0975373819354AA800124AB1 /* FactoryThingTests.xctest */ = {isa = PBXFileReference; explicitFileType = wrapper.cfbundle; includeInIndex = 0; path = FactoryThingTests.xctest; sourceTree = BUILT_PRODUCTS_DIR; };
		0975373919354AA800124AB1 /* XCTest.framework */ = {isa = PBXFileReference; lastKnownFileType = wrapper.framework; name = XCTest.framework; path = Library/Frameworks/XCTest.framework; sourceTree = DEVELOPER_DIR; };
		0975374119354AA800124AB1 /* FactoryThingTests-Info.plist */ = {isa = PBXFileReference; lastKnownFileType = text.plist.xml; path = "FactoryThingTests-Info.plist"; sourceTree = "<group>"; };
		0975374319354AA800124AB1 /* en */ = {isa = PBXFileReference; lastKnownFileType = text.plist.strings; name = en; path = en.lproj/InfoPlist.strings; sourceTree = "<group>"; };
		0975374519354AA800124AB1 /* FactoryThingTests.m */ = {isa = PBXFileReference; lastKnownFileType = sourcecode.c.objc; path = FactoryThingTests.m; sourceTree = "<group>"; };
		0975374F19354ACA00124AB1 /* Main.storyboard */ = {isa = PBXFileReference; fileEncoding = 4; lastKnownFileType = file.storyboard; name = Main.storyboard; path = ../Main.storyboard; sourceTree = "<group>"; };
		097537541935589A00124AB1 /* DismissSegue.h */ = {isa = PBXFileReference; fileEncoding = 4; lastKnownFileType = sourcecode.c.h; name = DismissSegue.h; path = ../DismissSegue.h; sourceTree = "<group>"; };
		097537551935589A00124AB1 /* DismissSegue.m */ = {isa = PBXFileReference; fileEncoding = 4; lastKnownFileType = sourcecode.c.objc; name = DismissSegue.m; path = ../DismissSegue.m; sourceTree = "<group>"; };
/* End PBXFileReference section */

/* Begin PBXFrameworksBuildPhase section */
		0975371A19354AA700124AB1 /* Frameworks */ = {
			isa = PBXFrameworksBuildPhase;
			buildActionMask = 2147483647;
			files = (
				0975372319354AA700124AB1 /* CoreGraphics.framework in Frameworks */,
				0975372519354AA700124AB1 /* UIKit.framework in Frameworks */,
				0975372119354AA700124AB1 /* Foundation.framework in Frameworks */,
			);
			runOnlyForDeploymentPostprocessing = 0;
		};
		0975373519354AA800124AB1 /* Frameworks */ = {
			isa = PBXFrameworksBuildPhase;
			buildActionMask = 2147483647;
			files = (
				0975373A19354AA800124AB1 /* XCTest.framework in Frameworks */,
				0975373C19354AA800124AB1 /* UIKit.framework in Frameworks */,
				0975373B19354AA800124AB1 /* Foundation.framework in Frameworks */,
			);
			runOnlyForDeploymentPostprocessing = 0;
		};
/* End PBXFrameworksBuildPhase section */

/* Begin PBXGroup section */
		0975371419354AA700124AB1 = {
			isa = PBXGroup;
			children = (
				0975372619354AA700124AB1 /* FactoryThing */,
				0975373F19354AA800124AB1 /* FactoryThingTests */,
				0975371F19354AA700124AB1 /* Frameworks */,
				0975371E19354AA700124AB1 /* Products */,
			);
			sourceTree = "<group>";
		};
		0975371E19354AA700124AB1 /* Products */ = {
			isa = PBXGroup;
			children = (
				0975371D19354AA700124AB1 /* FactoryThing.app */,
				0975373819354AA800124AB1 /* FactoryThingTests.xctest */,
			);
			name = Products;
			sourceTree = "<group>";
		};
		0975371F19354AA700124AB1 /* Frameworks */ = {
			isa = PBXGroup;
			children = (
				0975372019354AA700124AB1 /* Foundation.framework */,
				0975372219354AA700124AB1 /* CoreGraphics.framework */,
				0975372419354AA700124AB1 /* UIKit.framework */,
				0975373919354AA800124AB1 /* XCTest.framework */,
			);
			name = Frameworks;
			sourceTree = "<group>";
		};
		0975372619354AA700124AB1 /* FactoryThing */ = {
			isa = PBXGroup;
			children = (
				097537541935589A00124AB1 /* DismissSegue.h */,
				097537551935589A00124AB1 /* DismissSegue.m */,
				0975374F19354ACA00124AB1 /* Main.storyboard */,
				0975372F19354AA700124AB1 /* SBSAppDelegate.h */,
				0975373019354AA700124AB1 /* SBSAppDelegate.m */,
				0975373219354AA700124AB1 /* Images.xcassets */,
				0975372719354AA700124AB1 /* Supporting Files */,
			);
			path = FactoryThing;
			sourceTree = "<group>";
		};
		0975372719354AA700124AB1 /* Supporting Files */ = {
			isa = PBXGroup;
			children = (
				0975372819354AA700124AB1 /* FactoryThing-Info.plist */,
				0975372919354AA700124AB1 /* InfoPlist.strings */,
				0975372C19354AA700124AB1 /* main.m */,
				0975372E19354AA700124AB1 /* FactoryThing-Prefix.pch */,
			);
			name = "Supporting Files";
			sourceTree = "<group>";
		};
		0975373F19354AA800124AB1 /* FactoryThingTests */ = {
			isa = PBXGroup;
			children = (
				0975374519354AA800124AB1 /* FactoryThingTests.m */,
				0975374019354AA800124AB1 /* Supporting Files */,
			);
			path = FactoryThingTests;
			sourceTree = "<group>";
		};
		0975374019354AA800124AB1 /* Supporting Files */ = {
			isa = PBXGroup;
			children = (
				0975374119354AA800124AB1 /* FactoryThingTests-Info.plist */,
				0975374219354AA800124AB1 /* InfoPlist.strings */,
			);
			name = "Supporting Files";
			sourceTree = "<group>";
		};
/* End PBXGroup section */

/* Begin PBXNativeTarget section */
		0975371C19354AA700124AB1 /* FactoryThing */ = {
			isa = PBXNativeTarget;
			buildConfigurationList = 0975374919354AA800124AB1 /* Build configuration list for PBXNativeTarget "FactoryThing" */;
			buildPhases = (
				0975371919354AA700124AB1 /* Sources */,
				0975371A19354AA700124AB1 /* Frameworks */,
				0975371B19354AA700124AB1 /* Resources */,
			);
			buildRules = (
			);
			dependencies = (
			);
			name = FactoryThing;
			productName = FactoryThing;
			productReference = 0975371D19354AA700124AB1 /* FactoryThing.app */;
			productType = "com.apple.product-type.application";
		};
		0975373719354AA800124AB1 /* FactoryThingTests */ = {
			isa = PBXNativeTarget;
			buildConfigurationList = 0975374C19354AA800124AB1 /* Build configuration list for PBXNativeTarget "FactoryThingTests" */;
			buildPhases = (
				0975373419354AA800124AB1 /* Sources */,
				0975373519354AA800124AB1 /* Frameworks */,
				0975373619354AA800124AB1 /* Resources */,
			);
			buildRules = (
			);
			dependencies = (
				0975373E19354AA800124AB1 /* PBXTargetDependency */,
			);
			name = FactoryThingTests;
			productName = FactoryThingTests;
			productReference = 0975373819354AA800124AB1 /* FactoryThingTests.xctest */;
			productType = "com.apple.product-type.bundle.unit-test";
		};
/* End PBXNativeTarget section */

/* Begin PBXProject section */
		0975371519354AA700124AB1 /* Project object */ = {
			isa = PBXProject;
			attributes = {
				CLASSPREFIX = SBS;
				LastUpgradeCheck = 0510;
				ORGANIZATIONNAME = "Spencer Merpi";
				TargetAttributes = {
					0975373719354AA800124AB1 = {
						TestTargetID = 0975371C19354AA700124AB1;
					};
				};
			};
			buildConfigurationList = 0975371819354AA700124AB1 /* Build configuration list for PBXProject "FactoryThing" */;
			compatibilityVersion = "Xcode 3.2";
			developmentRegion = English;
			hasScannedForEncodings = 0;
			knownRegions = (
				en,
			);
			mainGroup = 0975371419354AA700124AB1;
			productRefGroup = 0975371E19354AA700124AB1 /* Products */;
			projectDirPath = "";
			projectRoot = "";
			targets = (
				0975371C19354AA700124AB1 /* FactoryThing */,
				0975373719354AA800124AB1 /* FactoryThingTests */,
			);
		};
/* End PBXProject section */

/* Begin PBXResourcesBuildPhase section */
		0975371B19354AA700124AB1 /* Resources */ = {
			isa = PBXResourcesBuildPhase;
			buildActionMask = 2147483647;
			files = (
				0975375019354ACA00124AB1 /* Main.storyboard in Resources */,
				0975372B19354AA700124AB1 /* InfoPlist.strings in Resources */,
				0975373319354AA700124AB1 /* Images.xcassets in Resources */,
			);
			runOnlyForDeploymentPostprocessing = 0;
		};
		0975373619354AA800124AB1 /* Resources */ = {
			isa = PBXResourcesBuildPhase;
			buildActionMask = 2147483647;
			files = (
				0975374419354AA800124AB1 /* InfoPlist.strings in Resources */,
			);
			runOnlyForDeploymentPostprocessing = 0;
		};
/* End PBXResourcesBuildPhase section */

/* Begin PBXSourcesBuildPhase section */
		0975371919354AA700124AB1 /* Sources */ = {
			isa = PBXSourcesBuildPhase;
			buildActionMask = 2147483647;
			files = (
				0975372D19354AA700124AB1 /* main.m in Sources */,
				097537561935589A00124AB1 /* DismissSegue.m in Sources */,
				0975373119354AA700124AB1 /* SBSAppDelegate.m in Sources */,
			);
			runOnlyForDeploymentPostprocessing = 0;
		};
		0975373419354AA800124AB1 /* Sources */ = {
			isa = PBXSourcesBuildPhase;
			buildActionMask = 2147483647;
			files = (
				0975374619354AA800124AB1 /* FactoryThingTests.m in Sources */,
			);
			runOnlyForDeploymentPostprocessing = 0;
		};
/* End PBXSourcesBuildPhase section */

/* Begin PBXTargetDependency section */
		0975373E19354AA800124AB1 /* PBXTargetDependency */ = {
			isa = PBXTargetDependency;
			target = 0975371C19354AA700124AB1 /* FactoryThing */;
			targetProxy = 0975373D19354AA800124AB1 /* PBXContainerItemProxy */;
		};
/* End PBXTargetDependency section */

/* Begin PBXVariantGroup section */
		0975372919354AA700124AB1 /* InfoPlist.strings */ = {
			isa = PBXVariantGroup;
			children = (
				0975372A19354AA700124AB1 /* en */,
			);
			name = InfoPlist.strings;
			sourceTree = "<group>";
		};
		0975374219354AA800124AB1 /* InfoPlist.strings */ = {
			isa = PBXVariantGroup;
			children = (
				0975374319354AA800124AB1 /* en */,
			);
			name = InfoPlist.strings;
			sourceTree = "<group>";
		};
/* End PBXVariantGroup section */

/* Begin XCBuildConfiguration section */
		0975374719354AA800124AB1 /* Debug */ = {
			isa = XCBuildConfiguration;
			buildSettings = {
				ALWAYS_SEARCH_USER_PATHS = NO;
				CLANG_CXX_LANGUAGE_STANDARD = "gnu++0x";
				CLANG_CXX_LIBRARY = "libc++";
				CLANG_ENABLE_MODULES = YES;
				CLANG_ENABLE_OBJC_ARC = YES;
				CLANG_WARN_BOOL_CONVERSION = YES;
				CLANG_WARN_CONSTANT_CONVERSION = YES;
				CLANG_WARN_DIRECT_OBJC_ISA_USAGE = YES_ERROR;
				CLANG_WARN_EMPTY_BODY = YES;
				CLANG_WARN_ENUM_CONVERSION = YES;
				CLANG_WARN_INT_CONVERSION = YES;
				CLANG_WARN_OBJC_ROOT_CLASS = YES_ERROR;
				CLANG_WARN__DUPLICATE_METHOD_MATCH = YES;
				"CODE_SIGN_IDENTITY[sdk=iphoneos*]" = "iPhone Developer";
				COPY_PHASE_STRIP = NO;
				GCC_C_LANGUAGE_STANDARD = gnu99;
				GCC_DYNAMIC_NO_PIC = NO;
				GCC_OPTIMIZATION_LEVEL = 0;
				GCC_PREPROCESSOR_DEFINITIONS = (
					"DEBUG=1",
					"$(inherited)",
				);
				GCC_SYMBOLS_PRIVATE_EXTERN = NO;
				GCC_WARN_64_TO_32_BIT_CONVERSION = YES;
				GCC_WARN_ABOUT_RETURN_TYPE = YES_ERROR;
				GCC_WARN_UNDECLARED_SELECTOR = YES;
				GCC_WARN_UNINITIALIZED_AUTOS = YES_AGGRESSIVE;
				GCC_WARN_UNUSED_FUNCTION = YES;
				GCC_WARN_UNUSED_VARIABLE = YES;
				IPHONEOS_DEPLOYMENT_TARGET = 7.1;
				ONLY_ACTIVE_ARCH = YES;
				SDKROOT = iphoneos;
			};
			name = Debug;
		};
		0975374819354AA800124AB1 /* Release */ = {
			isa = XCBuildConfiguration;
			buildSettings = {
				ALWAYS_SEARCH_USER_PATHS = NO;
				CLANG_CXX_LANGUAGE_STANDARD = "gnu++0x";
				CLANG_CXX_LIBRARY = "libc++";
				CLANG_ENABLE_MODULES = YES;
				CLANG_ENABLE_OBJC_ARC = YES;
				CLANG_WARN_BOOL_CONVERSION = YES;
				CLANG_WARN_CONSTANT_CONVERSION = YES;
				CLANG_WARN_DIRECT_OBJC_ISA_USAGE = YES_ERROR;
				CLANG_WARN_EMPTY_BODY = YES;
				CLANG_WARN_ENUM_CONVERSION = YES;
				CLANG_WARN_INT_CONVERSION = YES;
				CLANG_WARN_OBJC_ROOT_CLASS = YES_ERROR;
				CLANG_WARN__DUPLICATE_METHOD_MATCH = YES;
				"CODE_SIGN_IDENTITY[sdk=iphoneos*]" = "iPhone Developer";
				COPY_PHASE_STRIP = YES;
				ENABLE_NS_ASSERTIONS = NO;
				GCC_C_LANGUAGE_STANDARD = gnu99;
				GCC_WARN_64_TO_32_BIT_CONVERSION = YES;
				GCC_WARN_ABOUT_RETURN_TYPE = YES_ERROR;
				GCC_WARN_UNDECLARED_SELECTOR = YES;
				GCC_WARN_UNINITIALIZED_AUTOS = YES_AGGRESSIVE;
				GCC_WARN_UNUSED_FUNCTION = YES;
				GCC_WARN_UNUSED_VARIABLE = YES;
				IPHONEOS_DEPLOYMENT_TARGET = 7.1;
				SDKROOT = iphoneos;
				VALIDATE_PRODUCT = YES;
			};
			name = Release;
		};
		0975374A19354AA800124AB1 /* Debug */ = {
			isa = XCBuildConfiguration;
			buildSettings = {
				ASSETCATALOG_COMPILER_APPICON_NAME = AppIcon;
				ASSETCATALOG_COMPILER_LAUNCHIMAGE_NAME = LaunchImage;
				GCC_PRECOMPILE_PREFIX_HEADER = YES;
				GCC_PREFIX_HEADER = "FactoryThing/FactoryThing-Prefix.pch";
				INFOPLIST_FILE = "FactoryThing/FactoryThing-Info.plist";
				PRODUCT_NAME = "$(TARGET_NAME)";
				WRAPPER_EXTENSION = app;
			};
			name = Debug;
		};
		0975374B19354AA800124AB1 /* Release */ = {
			isa = XCBuildConfiguration;
			buildSettings = {
				ASSETCATALOG_COMPILER_APPICON_NAME = AppIcon;
				ASSETCATALOG_COMPILER_LAUNCHIMAGE_NAME = LaunchImage;
				GCC_PRECOMPILE_PREFIX_HEADER = YES;
				GCC_PREFIX_HEADER = "FactoryThing/FactoryThing-Prefix.pch";
				INFOPLIST_FILE = "FactoryThing/FactoryThing-Info.plist";
				PRODUCT_NAME = "$(TARGET_NAME)";
				WRAPPER_EXTENSION = app;
			};
			name = Release;
		};
		0975374D19354AA800124AB1 /* Debug */ = {
			isa = XCBuildConfiguration;
			buildSettings = {
				BUNDLE_LOADER = "$(BUILT_PRODUCTS_DIR)/FactoryThing.app/FactoryThing";
				FRAMEWORK_SEARCH_PATHS = (
					"$(SDKROOT)/Developer/Library/Frameworks",
					"$(inherited)",
					"$(DEVELOPER_FRAMEWORKS_DIR)",
				);
				GCC_PRECOMPILE_PREFIX_HEADER = YES;
				GCC_PREFIX_HEADER = "FactoryThing/FactoryThing-Prefix.pch";
				GCC_PREPROCESSOR_DEFINITIONS = (
					"DEBUG=1",
					"$(inherited)",
				);
				INFOPLIST_FILE = "FactoryThingTests/FactoryThingTests-Info.plist";
				PRODUCT_NAME = "$(TARGET_NAME)";
				TEST_HOST = "$(BUNDLE_LOADER)";
				WRAPPER_EXTENSION = xctest;
			};
			name = Debug;
		};
		0975374E19354AA800124AB1 /* Release */ = {
			isa = XCBuildConfiguration;
			buildSettings = {
				BUNDLE_LOADER = "$(BUILT_PRODUCTS_DIR)/FactoryThing.app/FactoryThing";
				FRAMEWORK_SEARCH_PATHS = (
					"$(SDKROOT)/Developer/Library/Frameworks",
					"$(inherited)",
					"$(DEVELOPER_FRAMEWORKS_DIR)",
				);
				GCC_PRECOMPILE_PREFIX_HEADER = YES;
				GCC_PREFIX_HEADER = "FactoryThing/FactoryThing-Prefix.pch";
				INFOPLIST_FILE = "FactoryThingTests/FactoryThingTests-Info.plist";
				PRODUCT_NAME = "$(TARGET_NAME)";
				TEST_HOST = "$(BUNDLE_LOADER)";
				WRAPPER_EXTENSION = xctest;
			};
			name = Release;
		};
/* End XCBuildConfiguration section */

/* Begin XCConfigurationList section */
		0975371819354AA700124AB1 /* Build configuration list for PBXProject "FactoryThing" */ = {
			isa = XCConfigurationList;
			buildConfigurations = (
				0975374719354AA800124AB1 /* Debug */,
				0975374819354AA800124AB1 /* Release */,
			);
			defaultConfigurationIsVisible = 0;
			defaultConfigurationName = Release;
		};
		0975374919354AA800124AB1 /* Build configuration list for PBXNativeTarget "FactoryThing" */ = {
			isa = XCConfigurationList;
			buildConfigurations = (
				0975374A19354AA800124AB1 /* Debug */,
				0975374B19354AA800124AB1 /* Release */,
			);
			defaultConfigurationIsVisible = 0;
			defaultConfigurationName = Release;
		};
		0975374C19354AA800124AB1 /* Build configuration list for PBXNativeTarget "FactoryThingTests" */ = {
			isa = XCConfigurationList;
			buildConfigurations = (
				0975374D19354AA800124AB1 /* Debug */,
				0975374E19354AA800124AB1 /* Release */,
			);
			defaultConfigurationIsVisible = 0;
			defaultConfigurationName = Release;
		};
/* End XCConfigurationList section */
	};
	rootObject = 0975371519354AA700124AB1 /* Project object */;
}
